
Microsoft Visual Studio Solution File, Format Version 12.00
# Visual Studio Version 17
VisualStudioVersion = 17.13.35806.99
MinimumVisualStudioVersion = 10.0.40219.1
Project("{8BC9CEB8-8B4A-11D0-8D11-00A0C91BC942}") = "ConsoleApplicationOracle", "ConsoleApplicationOracle.vcxproj", "{DFFDFF08-FAE5-4239-8414-0BF895224F3D}"
EndProject
Global
	GlobalSection(SolutionConfigurationPlatforms) = preSolution
		Debug|x64 = Debug|x64
		Debug|x86 = Debug|x86
		Release|x64 = Release|x64
		Release|x86 = Release|x86
	EndGlobalSection
	GlobalSection(ProjectConfigurationPlatforms) = postSolution
		{DFFDFF08-FAE5-4239-8414-0BF895224F3D}.Debug|x64.ActiveCfg = Release|x64
		{DFFDFF08-FAE5-4239-8414-0BF895224F3D}.Debug|x64.Build.0 = Release|x64
		{DFFDFF08-FAE5-4239-8414-0BF895224F3D}.Debug|x86.ActiveCfg = Debug|Win32
		{DFFDFF08-FAE5-4239-8414-0BF895224F3D}.Debug|x86.Build.0 = Debug|Win32
		{DFFDFF08-FAE5-4239-8414-0BF895224F3D}.Release|x64.ActiveCfg = Release|x64
		{DFFDFF08-FAE5-4239-8414-0BF895224F3D}.Release|x64.Build.0 = Release|x64
		{DFFDFF08-FAE5-4239-8414-0BF895224F3D}.Release|x86.ActiveCfg = Release|Win32
		{DFFDFF08-FAE5-4239-8414-0BF895224F3D}.Release|x86.Build.0 = Release|Win32
	EndGlobalSection
	GlobalSection(SolutionProperties) = preSolution
		HideSolutionNode = FALSE
	EndGlobalSection
	GlobalSection(ExtensibilityGlobals) = postSolution
		SolutionGuid = {3C84350E-5912-4751-B2FB-8AA4E959D68E}
	EndGlobalSection
EndGlobal
